{
  "name": "nim-webgl-example",
  "lockfileVersion": 3,
  "requires": true,
  "packages": {
    "": {
      "devDependencies": {
        "dts2nim": "0.0.2"
      }
    },
    "node_modules/commander": {
      "version": "2.20.3",
      "resolved": "https://registry.npmjs.org/commander/-/commander-2.20.3.tgz",
      "integrity": "sha512-GpVkmM8vF2vQUkj2LvZmD35JxeJOLCwJ9cUkugyk2nuhbv3+mJvpLYYt+0+USMxE+oj+ey/lJEnhZw75x/OMcQ==",
      "dev": true
    },
    "node_modules/commander.js-error": {
      "version": "1.1.0",
      "resolved": "https://registry.npmjs.org/commander.js-error/-/commander.js-error-1.1.0.tgz",
      "integrity": "sha512-MOlFFnce7jiC0LWC6y9o0Rh9PMe1iH7r8p2sIbWQDQvFqWZs+UO/hrj2i0m/B0qOpuqhNzg2o6yF+arhMKuy5A==",
      "dev": true,
      "dependencies": {
        "lodash": "^4.1.0"
      },
      "engines": {
        "node": ">=0.12"
      }
    },
    "node_modules/dts2nim": {
      "version": "0.0.2",
      "resolved": "https://registry.npmjs.org/dts2nim/-/dts2nim-0.0.2.tgz",
      "integrity": "sha512-GKpcZABkbUHaMvoRB2RSdlY6oWdkbShtOD8aQXe4I5a7cWnEWHdcoNEWYgHd4zIQdnsUPLeYUU2CAt2PitnCWA==",
      "dev": true,
      "dependencies": {
        "commander": "^2.9.0",
        "commander.js-error": "^1.1.0",
        "graphlib": "^2.1.1",
        "typescript": "^1.8.10"
      },
      "bin": {
        "dts2nim": "bin/dts2nim.js"
      }
    },
    "node_modules/graphlib": {
      "version": "2.1.8",
      "resolved": "https://registry.npmjs.org/graphlib/-/graphlib-2.1.8.tgz",
      "integrity": "sha512-jcLLfkpoVGmH7/InMC/1hIvOPSUh38oJtGhvrOFGzioE1DZ+0YW16RgmOJhHiuWTvGiJQ9Z1Ik43JvkRPRvE+A==",
      "dev": true,
      "dependencies": {
        "lodash": "^4.17.15"
      }
    },
    "node_modules/lodash": {
      "version": "4.17.21",
      "resolved": "https://registry.npmjs.org/lodash/-/lodash-4.17.21.tgz",
      "integrity": "sha512-v2kDEe57lecTulaDIuNTPy3Ry4gLGJ6Z1O3vE1krgXZNrsQ+LFTGHVxVjcXPs17LhbZVGedAJv8XZ1tvj5FvSg==",
      "dev": true
    },
    "node_modules/typescript": {
      "version": "1.8.10",
      "resolved": "https://registry.npmjs.org/typescript/-/typescript-1.8.10.tgz",
      "integrity": "sha512-amAjhGr2ZKUcd3OpqmSWbyz57bveJcwLdVp4XY31zR3Lylq0ZG8MHAX4IpoJ5AypkdkKkMRRVoqY6lKWrR9uPQ==",
      "dev": true,
      "bin": {
        "tsc": "bin/tsc",
        "tsserver": "bin/tsserver"
      },
      "engines": {
        "node": ">=0.8.0"
      }
    }
  }
}
